// !$*UTF8*$!
{
	archiveVersion = 1;
	classes = {
	};
	objectVersion = 46;
	objects = {

/* Begin PBXBuildFile section */
		4CA105131ED6F3B600A96B8D /* AppDelegate.swift in Sources */ = {isa = PBXBuildFile; fileRef = 4CA105121ED6F3B600A96B8D /* AppDelegate.swift */; };
		4CA105151ED6F3B600A96B8D /* ViewController.swift in Sources */ = {isa = PBXBuildFile; fileRef = 4CA105141ED6F3B600A96B8D /* ViewController.swift */; };
		4CA105181ED6F3B600A96B8D /* Main.storyboard in Resources */ = {isa = PBXBuildFile; fileRef = 4CA105161ED6F3B600A96B8D /* Main.storyboard */; };
		4CA1051A1ED6F3B600A96B8D /* Assets.xcassets in Resources */ = {isa = PBXBuildFile; fileRef = 4CA105191ED6F3B600A96B8D /* Assets.xcassets */; };
		4CA1051D1ED6F3B600A96B8D /* LaunchScreen.storyboard in Resources */ = {isa = PBXBuildFile; fileRef = 4CA1051B1ED6F3B600A96B8D /* LaunchScreen.storyboard */; };
		4CA105281ED6F3B600A96B8D /* NotifyMeTests.swift in Sources */ = {isa = PBXBuildFile; fileRef = 4CA105271ED6F3B600A96B8D /* NotifyMeTests.swift */; };
		4CA105331ED6F3B600A96B8D /* NotifyMeUITests.swift in Sources */ = {isa = PBXBuildFile; fileRef = 4CA105321ED6F3B600A96B8D /* NotifyMeUITests.swift */; };
/* End PBXBuildFile section */

/* Begin PBXContainerItemProxy section */
		4CA105241ED6F3B600A96B8D /* PBXContainerItemProxy */ = {
			isa = PBXContainerItemProxy;
			containerPortal = 4CA105071ED6F3B600A96B8D /* Project object */;
			proxyType = 1;
			remoteGlobalIDString = 4CA1050E1ED6F3B600A96B8D;
			remoteInfo = NotifyMe;
		};
		4CA1052F1ED6F3B600A96B8D /* PBXContainerItemProxy */ = {
			isa = PBXContainerItemProxy;
			containerPortal = 4CA105071ED6F3B600A96B8D /* Project object */;
			proxyType = 1;
			remoteGlobalIDString = 4CA1050E1ED6F3B600A96B8D;
			remoteInfo = NotifyMe;
		};
/* End PBXContainerItemProxy section */

/* Begin PBXFileReference section */
		4CA1050F1ED6F3B600A96B8D /* NotifyMe.app */ = {isa = PBXFileReference; explicitFileType = wrapper.application; includeInIndex = 0; path = NotifyMe.app; sourceTree = BUILT_PRODUCTS_DIR; };
		4CA105121ED6F3B600A96B8D /* AppDelegate.swift */ = {isa = PBXFileReference; lastKnownFileType = sourcecode.swift; path = AppDelegate.swift; sourceTree = "<group>"; };
		4CA105141ED6F3B600A96B8D /* ViewController.swift */ = {isa = PBXFileReference; lastKnownFileType = sourcecode.swift; path = ViewController.swift; sourceTree = "<group>"; };
		4CA105171ED6F3B600A96B8D /* Base */ = {isa = PBXFileReference; lastKnownFileType = file.storyboard; name = Base; path = Base.lproj/Main.storyboard; sourceTree = "<group>"; };
		4CA105191ED6F3B600A96B8D /* Assets.xcassets */ = {isa = PBXFileReference; lastKnownFileType = folder.assetcatalog; path = Assets.xcassets; sourceTree = "<group>"; };
		4CA1051C1ED6F3B600A96B8D /* Base */ = {isa = PBXFileReference; lastKnownFileType = file.storyboard; name = Base; path = Base.lproj/LaunchScreen.storyboard; sourceTree = "<group>"; };
		4CA1051E1ED6F3B600A96B8D /* Info.plist */ = {isa = PBXFileReference; lastKnownFileType = text.plist.xml; path = Info.plist; sourceTree = "<group>"; };
		4CA105231ED6F3B600A96B8D /* NotifyMeTests.xctest */ = {isa = PBXFileReference; explicitFileType = wrapper.cfbundle; includeInIndex = 0; path = NotifyMeTests.xctest; sourceTree = BUILT_PRODUCTS_DIR; };
		4CA105271ED6F3B600A96B8D /* NotifyMeTests.swift */ = {isa = PBXFileReference; lastKnownFileType = sourcecode.swift; path = NotifyMeTests.swift; sourceTree = "<group>"; };
		4CA105291ED6F3B600A96B8D /* Info.plist */ = {isa = PBXFileReference; lastKnownFileType = text.plist.xml; path = Info.plist; sourceTree = "<group>"; };
		4CA1052E1ED6F3B600A96B8D /* NotifyMeUITests.xctest */ = {isa = PBXFileReference; explicitFileType = wrapper.cfbundle; includeInIndex = 0; path = NotifyMeUITests.xctest; sourceTree = BUILT_PRODUCTS_DIR; };
		4CA105321ED6F3B600A96B8D /* NotifyMeUITests.swift */ = {isa = PBXFileReference; lastKnownFileType = sourcecode.swift; path = NotifyMeUITests.swift; sourceTree = "<group>"; };
		4CA105341ED6F3B600A96B8D /* Info.plist */ = {isa = PBXFileReference; lastKnownFileType = text.plist.xml; path = Info.plist; sourceTree = "<group>"; };
/* End PBXFileReference section */

/* Begin PBXFrameworksBuildPhase section */
		4CA1050C1ED6F3B600A96B8D /* Frameworks */ = {
			isa = PBXFrameworksBuildPhase;
			buildActionMask = 2147483647;
			files = (
			);
			runOnlyForDeploymentPostprocessing = 0;
		};
		4CA105201ED6F3B600A96B8D /* Frameworks */ = {
			isa = PBXFrameworksBuildPhase;
			buildActionMask = 2147483647;
			files = (
			);
			runOnlyForDeploymentPostprocessing = 0;
		};
		4CA1052B1ED6F3B600A96B8D /* Frameworks */ = {
			isa = PBXFrameworksBuildPhase;
			buildActionMask = 2147483647;
			files = (
			);
			runOnlyForDeploymentPostprocessing = 0;
		};
/* End PBXFrameworksBuildPhase section */

/* Begin PBXGroup section */
		4CA105061ED6F3B600A96B8D = {
			isa = PBXGroup;
			children = (
				4CA105111ED6F3B600A96B8D /* NotifyMe */,
				4CA105261ED6F3B600A96B8D /* NotifyMeTests */,
				4CA105311ED6F3B600A96B8D /* NotifyMeUITests */,
				4CA105101ED6F3B600A96B8D /* Products */,
			);
			sourceTree = "<group>";
		};
		4CA105101ED6F3B600A96B8D /* Products */ = {
			isa = PBXGroup;
			children = (
				4CA1050F1ED6F3B600A96B8D /* NotifyMe.app */,
				4CA105231ED6F3B600A96B8D /* NotifyMeTests.xctest */,
				4CA1052E1ED6F3B600A96B8D /* NotifyMeUITests.xctest */,
			);
			name = Products;
			sourceTree = "<group>";
		};
		4CA105111ED6F3B600A96B8D /* NotifyMe */ = {
			isa = PBXGroup;
			children = (
				4CA105121ED6F3B600A96B8D /* AppDelegate.swift */,
				4CA105141ED6F3B600A96B8D /* ViewController.swift */,
				4CA105161ED6F3B600A96B8D /* Main.storyboard */,
				4CA105191ED6F3B600A96B8D /* Assets.xcassets */,
				4CA1051B1ED6F3B600A96B8D /* LaunchScreen.storyboard */,
				4CA1051E1ED6F3B600A96B8D /* Info.plist */,
			);
			path = NotifyMe;
			sourceTree = "<group>";
		};
		4CA105261ED6F3B600A96B8D /* NotifyMeTests */ = {
			isa = PBXGroup;
			children = (
				4CA105271ED6F3B600A96B8D /* NotifyMeTests.swift */,
				4CA105291ED6F3B600A96B8D /* Info.plist */,
			);
			path = NotifyMeTests;
			sourceTree = "<group>";
		};
		4CA105311ED6F3B600A96B8D /* NotifyMeUITests */ = {
			isa = PBXGroup;
			children = (
				4CA105321ED6F3B600A96B8D /* NotifyMeUITests.swift */,
				4CA105341ED6F3B600A96B8D /* Info.plist */,
			);
			path = NotifyMeUITests;
			sourceTree = "<group>";
		};
/* End PBXGroup section */

/* Begin PBXNativeTarget section */
		4CA1050E1ED6F3B600A96B8D /* NotifyMe */ = {
			isa = PBXNativeTarget;
			buildConfigurationList = 4CA105371ED6F3B600A96B8D /* Build configuration list for PBXNativeTarget "NotifyMe" */;
			buildPhases = (
				4CA1050B1ED6F3B600A96B8D /* Sources */,
				4CA1050C1ED6F3B600A96B8D /* Frameworks */,
				4CA1050D1ED6F3B600A96B8D /* Resources */,
			);
			buildRules = (
			);
			dependencies = (
			);
			name = NotifyMe;
			productName = NotifyMe;
			productReference = 4CA1050F1ED6F3B600A96B8D /* NotifyMe.app */;
			productType = "com.apple.product-type.application";
		};
		4CA105221ED6F3B600A96B8D /* NotifyMeTests */ = {
			isa = PBXNativeTarget;
			buildConfigurationList = 4CA1053A1ED6F3B600A96B8D /* Build configuration list for PBXNativeTarget "NotifyMeTests" */;
			buildPhases = (
				4CA1051F1ED6F3B600A96B8D /* Sources */,
				4CA105201ED6F3B600A96B8D /* Frameworks */,
				4CA105211ED6F3B600A96B8D /* Resources */,
			);
			buildRules = (
			);
			dependencies = (
				4CA105251ED6F3B600A96B8D /* PBXTargetDependency */,
			);
			name = NotifyMeTests;
			productName = NotifyMeTests;
			productReference = 4CA105231ED6F3B600A96B8D /* NotifyMeTests.xctest */;
			productType = "com.apple.product-type.bundle.unit-test";
		};
		4CA1052D1ED6F3B600A96B8D /* NotifyMeUITests */ = {
			isa = PBXNativeTarget;
			buildConfigurationList = 4CA1053D1ED6F3B600A96B8D /* Build configuration list for PBXNativeTarget "NotifyMeUITests" */;
			buildPhases = (
				4CA1052A1ED6F3B600A96B8D /* Sources */,
				4CA1052B1ED6F3B600A96B8D /* Frameworks */,
				4CA1052C1ED6F3B600A96B8D /* Resources */,
			);
			buildRules = (
			);
			dependencies = (
				4CA105301ED6F3B600A96B8D /* PBXTargetDependency */,
			);
			name = NotifyMeUITests;
			productName = NotifyMeUITests;
			productReference = 4CA1052E1ED6F3B600A96B8D /* NotifyMeUITests.xctest */;
			productType = "com.apple.product-type.bundle.ui-testing";
		};
/* End PBXNativeTarget section */

/* Begin PBXProject section */
		4CA105071ED6F3B600A96B8D /* Project object */ = {
			isa = PBXProject;
			attributes = {
				LastSwiftUpdateCheck = 0830;
				LastUpgradeCheck = 0830;
				ORGANIZATIONNAME = "Rasmus Enhörning";
				TargetAttributes = {
					4CA1050E1ED6F3B600A96B8D = {
						CreatedOnToolsVersion = 8.3.2;
						DevelopmentTeam = QG36UYC8Y4;
						ProvisioningStyle = Automatic;
					};
					4CA105221ED6F3B600A96B8D = {
						CreatedOnToolsVersion = 8.3.2;
						DevelopmentTeam = QG36UYC8Y4;
						ProvisioningStyle = Automatic;
						TestTargetID = 4CA1050E1ED6F3B600A96B8D;
					};
					4CA1052D1ED6F3B600A96B8D = {
						CreatedOnToolsVersion = 8.3.2;
						DevelopmentTeam = QG36UYC8Y4;
						ProvisioningStyle = Automatic;
						TestTargetID = 4CA1050E1ED6F3B600A96B8D;
					};
				};
			};
			buildConfigurationList = 4CA1050A1ED6F3B600A96B8D /* Build configuration list for PBXProject "NotifyMe" */;
			compatibilityVersion = "Xcode 3.2";
			developmentRegion = English;
			hasScannedForEncodings = 0;
			knownRegions = (
				en,
				Base,
			);
			mainGroup = 4CA105061ED6F3B600A96B8D;
			productRefGroup = 4CA105101ED6F3B600A96B8D /* Products */;
			projectDirPath = "";
			projectRoot = "";
			targets = (
				4CA1050E1ED6F3B600A96B8D /* NotifyMe */,
				4CA105221ED6F3B600A96B8D /* NotifyMeTests */,
				4CA1052D1ED6F3B600A96B8D /* NotifyMeUITests */,
			);
		};
/* End PBXProject section */

/* Begin PBXResourcesBuildPhase section */
		4CA1050D1ED6F3B600A96B8D /* Resources */ = {
			isa = PBXResourcesBuildPhase;
			buildActionMask = 2147483647;
			files = (
				4CA1051D1ED6F3B600A96B8D /* LaunchScreen.storyboard in Resources */,
				4CA1051A1ED6F3B600A96B8D /* Assets.xcassets in Resources */,
				4CA105181ED6F3B600A96B8D /* Main.storyboard in Resources */,
			);
			runOnlyForDeploymentPostprocessing = 0;
		};
		4CA105211ED6F3B600A96B8D /* Resources */ = {
			isa = PBXResourcesBuildPhase;
			buildActionMask = 2147483647;
			files = (
			);
			runOnlyForDeploymentPostprocessing = 0;
		};
		4CA1052C1ED6F3B600A96B8D /* Resources */ = {
			isa = PBXResourcesBuildPhase;
			buildActionMask = 2147483647;
			files = (
			);
			runOnlyForDeploymentPostprocessing = 0;
		};
/* End PBXResourcesBuildPhase section */

/* Begin PBXSourcesBuildPhase section */
		4CA1050B1ED6F3B600A96B8D /* Sources */ = {
			isa = PBXSourcesBuildPhase;
			buildActionMask = 2147483647;
			files = (
				4CA105151ED6F3B600A96B8D /* ViewController.swift in Sources */,
				4CA105131ED6F3B600A96B8D /* AppDelegate.swift in Sources */,
			);
			runOnlyForDeploymentPostprocessing = 0;
		};
		4CA1051F1ED6F3B600A96B8D /* Sources */ = {
			isa = PBXSourcesBuildPhase;
			buildActionMask = 2147483647;
			files = (
				4CA105281ED6F3B600A96B8D /* NotifyMeTests.swift in Sources */,
			);
			runOnlyForDeploymentPostprocessing = 0;
		};
		4CA1052A1ED6F3B600A96B8D /* Sources */ = {
			isa = PBXSourcesBuildPhase;
			buildActionMask = 2147483647;
			files = (
				4CA105331ED6F3B600A96B8D /* NotifyMeUITests.swift in Sources */,
			);
			runOnlyForDeploymentPostprocessing = 0;
		};
/* End PBXSourcesBuildPhase section */

/* Begin PBXTargetDependency section */
		4CA105251ED6F3B600A96B8D /* PBXTargetDependency */ = {
			isa = PBXTargetDependency;
			target = 4CA1050E1ED6F3B600A96B8D /* NotifyMe */;
			targetProxy = 4CA105241ED6F3B600A96B8D /* PBXContainerItemProxy */;
		};
		4CA105301ED6F3B600A96B8D /* PBXTargetDependency */ = {
			isa = PBXTargetDependency;
			target = 4CA1050E1ED6F3B600A96B8D /* NotifyMe */;
			targetProxy = 4CA1052F1ED6F3B600A96B8D /* PBXContainerItemProxy */;
		};
/* End PBXTargetDependency section */

/* Begin PBXVariantGroup section */
		4CA105161ED6F3B600A96B8D /* Main.storyboard */ = {
			isa = PBXVariantGroup;
			children = (
				4CA105171ED6F3B600A96B8D /* Base */,
			);
			name = Main.storyboard;
			sourceTree = "<group>";
		};
		4CA1051B1ED6F3B600A96B8D /* LaunchScreen.storyboard */ = {
			isa = PBXVariantGroup;
			children = (
				4CA1051C1ED6F3B600A96B8D /* Base */,
			);
			name = LaunchScreen.storyboard;
			sourceTree = "<group>";
		};
/* End PBXVariantGroup section */

/* Begin XCBuildConfiguration section */
		4CA105351ED6F3B600A96B8D /* Debug */ = {
			isa = XCBuildConfiguration;
			buildSettings = {
				ALWAYS_SEARCH_USER_PATHS = NO;
				CLANG_ANALYZER_NONNULL = YES;
				CLANG_ANALYZER_NUMBER_OBJECT_CONVERSION = YES_AGGRESSIVE;
				CLANG_CXX_LANGUAGE_STANDARD = "gnu++0x";
				CLANG_CXX_LIBRARY = "libc++";
				CLANG_ENABLE_MODULES = YES;
				CLANG_ENABLE_OBJC_ARC = YES;
				CLANG_WARN_BOOL_CONVERSION = YES;
				CLANG_WARN_CONSTANT_CONVERSION = YES;
				CLANG_WARN_DIRECT_OBJC_ISA_USAGE = YES_ERROR;
				CLANG_WARN_DOCUMENTATION_COMMENTS = YES;
				CLANG_WARN_EMPTY_BODY = YES;
				CLANG_WARN_ENUM_CONVERSION = YES;
				CLANG_WARN_INFINITE_RECURSION = YES;
				CLANG_WARN_INT_CONVERSION = YES;
				CLANG_WARN_OBJC_ROOT_CLASS = YES_ERROR;
				CLANG_WARN_SUSPICIOUS_MOVE = YES;
				CLANG_WARN_UNREACHABLE_CODE = YES;
				CLANG_WARN__DUPLICATE_METHOD_MATCH = YES;
				"CODE_SIGN_IDENTITY[sdk=iphoneos*]" = "iPhone Developer";
				COPY_PHASE_STRIP = NO;
				DEBUG_INFORMATION_FORMAT = dwarf;
				ENABLE_STRICT_OBJC_MSGSEND = YES;
				ENABLE_TESTABILITY = YES;
				GCC_C_LANGUAGE_STANDARD = gnu99;
				GCC_DYNAMIC_NO_PIC = NO;
				GCC_NO_COMMON_BLOCKS = YES;
				GCC_OPTIMIZATION_LEVEL = 0;
				GCC_PREPROCESSOR_DEFINITIONS = (
					"DEBUG=1",
					"$(inherited)",
				);
				GCC_WARN_64_TO_32_BIT_CONVERSION = YES;
				GCC_WARN_ABOUT_RETURN_TYPE = YES_ERROR;
				GCC_WARN_UNDECLARED_SELECTOR = YES;
				GCC_WARN_UNINITIALIZED_AUTOS = YES_AGGRESSIVE;
				GCC_WARN_UNUSED_FUNCTION = YES;
				GCC_WARN_UNUSED_VARIABLE = YES;
				IPHONEOS_DEPLOYMENT_TARGET = 10.3;
				MTL_ENABLE_DEBUG_INFO = YES;
				ONLY_ACTIVE_ARCH = YES;
				SDKROOT = iphoneos;
				SWIFT_ACTIVE_COMPILATION_CONDITIONS = DEBUG;
				SWIFT_OPTIMIZATION_LEVEL = "-Onone";
				TARGETED_DEVICE_FAMILY = "1,2";
			};
			name = Debug;
		};
		4CA105361ED6F3B600A96B8D /* Release */ = {
			isa = XCBuildConfiguration;
			buildSettings = {
				ALWAYS_SEARCH_USER_PATHS = NO;
				CLANG_ANALYZER_NONNULL = YES;
				CLANG_ANALYZER_NUMBER_OBJECT_CONVERSION = YES_AGGRESSIVE;
				CLANG_CXX_LANGUAGE_STANDARD = "gnu++0x";
				CLANG_CXX_LIBRARY = "libc++";
				CLANG_ENABLE_MODULES = YES;
				CLANG_ENABLE_OBJC_ARC = YES;
				CLANG_WARN_BOOL_CONVERSION = YES;
				CLANG_WARN_CONSTANT_CONVERSION = YES;
				CLANG_WARN_DIRECT_OBJC_ISA_USAGE = YES_ERROR;
				CLANG_WARN_DOCUMENTATION_COMMENTS = YES;
				CLANG_WARN_EMPTY_BODY = YES;
				CLANG_WARN_ENUM_CONVERSION = YES;
				CLANG_WARN_INFINITE_RECURSION = YES;
				CLANG_WARN_INT_CONVERSION = YES;
				CLANG_WARN_OBJC_ROOT_CLASS = YES_ERROR;
				CLANG_WARN_SUSPICIOUS_MOVE = YES;
				CLANG_WARN_UNREACHABLE_CODE = YES;
				CLANG_WARN__DUPLICATE_METHOD_MATCH = YES;
				"CODE_SIGN_IDENTITY[sdk=iphoneos*]" = "iPhone Developer";
				COPY_PHASE_STRIP = NO;
				DEBUG_INFORMATION_FORMAT = "dwarf-with-dsym";
				ENABLE_NS_ASSERTIONS = NO;
				ENABLE_STRICT_OBJC_MSGSEND = YES;
				GCC_C_LANGUAGE_STANDARD = gnu99;
				GCC_NO_COMMON_BLOCKS = YES;
				GCC_WARN_64_TO_32_BIT_CONVERSION = YES;
				GCC_WARN_ABOUT_RETURN_TYPE = YES_ERROR;
				GCC_WARN_UNDECLARED_SELECTOR = YES;
				GCC_WARN_UNINITIALIZED_AUTOS = YES_AGGRESSIVE;
				GCC_WARN_UNUSED_FUNCTION = YES;
				GCC_WARN_UNUSED_VARIABLE = YES;
				IPHONEOS_DEPLOYMENT_TARGET = 10.3;
				MTL_ENABLE_DEBUG_INFO = NO;
				SDKROOT = iphoneos;
				SWIFT_OPTIMIZATION_LEVEL = "-Owholemodule";
				TARGETED_DEVICE_FAMILY = "1,2";
				VALIDATE_PRODUCT = YES;
			};
			name = Release;
		};
		4CA105381ED6F3B600A96B8D /* Debug */ = {
			isa = XCBuildConfiguration;
			buildSettings = {
				ASSETCATALOG_COMPILER_APPICON_NAME = AppIcon;
				DEVELOPMENT_TEAM = QG36UYC8Y4;
				INFOPLIST_FILE = NotifyMe/Info.plist;
				LD_RUNPATH_SEARCH_PATHS = "$(inherited) @executable_path/Frameworks";
				PRODUCT_BUNDLE_IDENTIFIER = Enhorning.NotifyMe;
				PRODUCT_NAME = "$(TARGET_NAME)";
				SWIFT_VERSION = 3.0;
			};
			name = Debug;
		};
		4CA105391ED6F3B600A96B8D /* Release */ = {
			isa = XCBuildConfiguration;
			buildSettings = {
				ASSETCATALOG_COMPILER_APPICON_NAME = AppIcon;
				DEVELOPMENT_TEAM = QG36UYC8Y4;
				INFOPLIST_FILE = NotifyMe/Info.plist;
				LD_RUNPATH_SEARCH_PATHS = "$(inherited) @executable_path/Frameworks";
				PRODUCT_BUNDLE_IDENTIFIER = Enhorning.NotifyMe;
				PRODUCT_NAME = "$(TARGET_NAME)";
				SWIFT_VERSION = 3.0;
			};
			name = Release;
		};
		4CA1053B1ED6F3B600A96B8D /* Debug */ = {
			isa = XCBuildConfiguration;
			buildSettings = {
				ALWAYS_EMBED_SWIFT_STANDARD_LIBRARIES = YES;
				BUNDLE_LOADER = "$(TEST_HOST)";
				DEVELOPMENT_TEAM = QG36UYC8Y4;
				INFOPLIST_FILE = NotifyMeTests/Info.plist;
				LD_RUNPATH_SEARCH_PATHS = "$(inherited) @executable_path/Frameworks @loader_path/Frameworks";
				PRODUCT_BUNDLE_IDENTIFIER = Enhorning.NotifyMeTests;
				PRODUCT_NAME = "$(TARGET_NAME)";
				SWIFT_VERSION = 3.0;
				TEST_HOST = "$(BUILT_PRODUCTS_DIR)/NotifyMe.app/NotifyMe";
			};
			name = Debug;
		};
		4CA1053C1ED6F3B600A96B8D /* Release */ = {
			isa = XCBuildConfiguration;
			buildSettings = {
				ALWAYS_EMBED_SWIFT_STANDARD_LIBRARIES = YES;
				BUNDLE_LOADER = "$(TEST_HOST)";
				DEVELOPMENT_TEAM = QG36UYC8Y4;
				INFOPLIST_FILE = NotifyMeTests/Info.plist;
				LD_RUNPATH_SEARCH_PATHS = "$(inherited) @executable_path/Frameworks @loader_path/Frameworks";
				PRODUCT_BUNDLE_IDENTIFIER = Enhorning.NotifyMeTests;
				PRODUCT_NAME = "$(TARGET_NAME)";
				SWIFT_VERSION = 3.0;
				TEST_HOST = "$(BUILT_PRODUCTS_DIR)/NotifyMe.app/NotifyMe";
			};
			name = Release;
		};
		4CA1053E1ED6F3B600A96B8D /* Debug */ = {
			isa = XCBuildConfiguration;
			buildSettings = {
				ALWAYS_EMBED_SWIFT_STANDARD_LIBRARIES = YES;
				DEVELOPMENT_TEAM = QG36UYC8Y4;
				INFOPLIST_FILE = NotifyMeUITests/Info.plist;
				LD_RUNPATH_SEARCH_PATHS = "$(inherited) @executable_path/Frameworks @loader_path/Frameworks";
				PRODUCT_BUNDLE_IDENTIFIER = Enhorning.NotifyMeUITests;
				PRODUCT_NAME = "$(TARGET_NAME)";
				SWIFT_VERSION = 3.0;
				TEST_TARGET_NAME = NotifyMe;
			};
			name = Debug;
		};
		4CA1053F1ED6F3B600A96B8D /* Release */ = {
			isa = XCBuildConfiguration;
			buildSettings = {
				ALWAYS_EMBED_SWIFT_STANDARD_LIBRARIES = YES;
				DEVELOPMENT_TEAM = QG36UYC8Y4;
				INFOPLIST_FILE = NotifyMeUITests/Info.plist;
				LD_RUNPATH_SEARCH_PATHS = "$(inherited) @executable_path/Frameworks @loader_path/Frameworks";
				PRODUCT_BUNDLE_IDENTIFIER = Enhorning.NotifyMeUITests;
				PRODUCT_NAME = "$(TARGET_NAME)";
				SWIFT_VERSION = 3.0;
				TEST_TARGET_NAME = NotifyMe;
			};
			name = Release;
		};
/* End XCBuildConfiguration section */

/* Begin XCConfigurationList section */
		4CA1050A1ED6F3B600A96B8D /* Build configuration list for PBXProject "NotifyMe" */ = {
			isa = XCConfigurationList;
			buildConfigurations = (
				4CA105351ED6F3B600A96B8D /* Debug */,
				4CA105361ED6F3B600A96B8D /* Release */,
			);
			defaultConfigurationIsVisible = 0;
			defaultConfigurationName = Release;
		};
		4CA105371ED6F3B600A96B8D /* Build configuration list for PBXNativeTarget "NotifyMe" */ = {
			isa = XCConfigurationList;
			buildConfigurations = (
				4CA105381ED6F3B600A96B8D /* Debug */,
				4CA105391ED6F3B600A96B8D /* Release */,
			);
			defaultConfigurationIsVisible = 0;
		};
		4CA1053A1ED6F3B600A96B8D /* Build configuration list for PBXNativeTarget "NotifyMeTests" */ = {
			isa = XCConfigurationList;
			buildConfigurations = (
				4CA1053B1ED6F3B600A96B8D /* Debug */,
				4CA1053C1ED6F3B600A96B8D /* Release */,
			);
			defaultConfigurationIsVisible = 0;
		};
		4CA1053D1ED6F3B600A96B8D /* Build configuration list for PBXNativeTarget "NotifyMeUITests" */ = {
			isa = XCConfigurationList;
			buildConfigurations = (
				4CA1053E1ED6F3B600A96B8D /* Debug */,
				4CA1053F1ED6F3B600A96B8D /* Release */,
			);
			defaultConfigurationIsVisible = 0;
		};
/* End XCConfigurationList section */
	};
	rootObject = 4CA105071ED6F3B600A96B8D /* Project object */;
}
